
Microsoft Visual Studio Solution File, Format Version 12.00
# Visual Studio Version 16
VisualStudioVersion = 16.0.30503.244
MinimumVisualStudioVersion = 10.0.40219.1
Project("{8BC9CEB8-8B4A-11D0-8D11-00A0C91BC942}") = "ttt", "ttt\ttt.vcxproj", "{5B1FE220-B914-44FB-BC27-11988848A82F}"
EndProject
Global
	GlobalSection(SolutionConfigurationPlatforms) = preSolution
		Debug|x64 = Debug|x64
		Debug|x86 = Debug|x86
		Release|x64 = Release|x64
		Release|x86 = Release|x86
	EndGlobalSection
	GlobalSection(ProjectConfigurationPlatforms) = postSolution
		{5B1FE220-B914-44FB-BC27-11988848A82F}.Debug|x64.ActiveCfg = Debug|x64
		{5B1FE220-B914-44FB-BC27-11988848A82F}.Debug|x64.Build.0 = Debug|x64
		{5B1FE220-B914-44FB-BC27-11988848A82F}.Debug|x86.ActiveCfg = Debug|Win32
		{5B1FE220-B914-44FB-BC27-11988848A82F}.Debug|x86.Build.0 = Debug|Win32
		{5B1FE220-B914-44FB-BC27-11988848A82F}.Release|x64.ActiveCfg = Release|x64
		{5B1FE220-B914-44FB-BC27-11988848A82F}.Release|x64.Build.0 = Release|x64
		{5B1FE220-B914-44FB-BC27-11988848A82F}.Release|x86.ActiveCfg = Release|Win32
		{5B1FE220-B914-44FB-BC27-11988848A82F}.Release|x86.Build.0 = Release|Win32
	EndGlobalSection
	GlobalSection(SolutionProperties) = preSolution
		HideSolutionNode = FALSE
	EndGlobalSection
	GlobalSection(ExtensibilityGlobals) = postSolution
		SolutionGuid = {4AEB7383-2DAF-4A8C-BE1C-FD9BF5306886}
	EndGlobalSection
EndGlobal
